{
  "version": 4,
  "terraform_version": "1.6.6",
  "serial": 73,
  "lineage": "94e52389-de9d-01ee-4c70-17c5f9fa289b",
  "outputs": {
    "proxmox": {
      "value": {
        "ubuntu_image_id": "ISO_SHARE:iso/jammy-server-cloudimg-amd64.img"
      },
      "type": [
        "object",
        {
          "ubuntu_image_id": "string"
        }
      ]
    }
  },
  "resources": [
    {
      "module": "module.proxmox",
      "mode": "managed",
      "type": "proxmox_virtual_environment_download_file",
      "name": "ubuntu_cloud_image",
      "provider": "provider[\"registry.terraform.io/bpg/proxmox\"]",
      "instances": [
        {
          "schema_version": 0,
          "attributes": {
            "checksum": null,
            "checksum_algorithm": null,
            "content_type": "iso",
            "datastore_id": "ISO_SHARE",
            "decompression_algorithm": null,
            "file_name": "jammy-server-cloudimg-amd64.img",
            "id": "ISO_SHARE:iso/jammy-server-cloudimg-amd64.img",
            "node_name": "pve-node-22",
            "overwrite": true,
            "overwrite_unmanaged": false,
            "size": 665347072,
            "upload_timeout": 600,
            "url": "https://cloud-images.ubuntu.com/jammy/current/jammy-server-cloudimg-amd64.img",
            "verify": true
          },
          "sensitive_attributes": [],
          "private": "eyJvcmlnaW5hbF9zdGF0ZV9zaXplIjoiTmpZMU16UTNNRGN5IiwidXJsX3NpemUiOiJOalkxTXpRM01EY3kifQ=="
        }
      ]
    },
    {
      "module": "module.proxmox",
      "mode": "managed",
      "type": "proxmox_virtual_environment_vm",
      "name": "ubuntu_vm",
      "provider": "provider[\"registry.terraform.io/bpg/proxmox\"]",
      "instances": [
        {
          "status": "tainted",
          "schema_version": 0,
          "attributes": {
            "acpi": true,
            "agent": [],
            "audio_device": [],
            "bios": "seabios",
            "boot_order": null,
            "cdrom": [],
            "clone": [],
            "cpu": [],
            "description": null,
            "disk": [
              {
                "aio": "io_uring",
                "backup": true,
                "cache": "none",
                "datastore_id": "VM_NODE_22",
                "discard": "on",
                "file_format": "",
                "file_id": "ISO_SHARE:iso/jammy-server-cloudimg-amd64.img",
                "interface": "virtio0",
                "iothread": true,
                "path_in_datastore": "",
                "replicate": true,
                "serial": "",
                "size": 20,
                "speed": [],
                "ssd": false
              }
            ],
            "efi_disk": [],
            "hook_script_file_id": null,
            "hostpci": [],
            "id": "15000",
            "initialization": [
              {
                "datastore_id": "VM_NODE_22",
                "dns": [],
                "interface": "",
                "ip_config": [],
                "meta_data_file_id": "",
                "network_data_file_id": "",
                "type": "",
                "upgrade": false,
                "user_account": [
                  {
                    "keys": null,
                    "password": "password",
                    "username": "bozho"
                  }
                ],
                "user_data_file_id": "",
                "vendor_data_file_id": ""
              }
            ],
            "ipv4_addresses": null,
            "ipv6_addresses": null,
            "keyboard_layout": "en-us",
            "kvm_arguments": null,
            "mac_addresses": null,
            "machine": null,
            "memory": [],
            "migrate": false,
            "name": "test-ubuntu",
            "network_device": [],
            "network_interface_names": null,
            "node_name": "pve-node-22",
            "numa": [],
            "on_boot": true,
            "operating_system": [],
            "pool_id": null,
            "protection": false,
            "reboot": false,
            "scsi_hardware": "virtio-scsi-pci",
            "serial_device": [],
            "smbios": [],
            "started": true,
            "startup": [],
            "stop_on_destroy": false,
            "tablet_device": true,
            "tags": null,
            "template": false,
            "timeout_clone": 1800,
            "timeout_create": 1800,
            "timeout_migrate": 1800,
            "timeout_move_disk": 1800,
            "timeout_reboot": 1800,
            "timeout_shutdown_vm": 1800,
            "timeout_start_vm": 1800,
            "timeout_stop_vm": 300,
            "tpm_state": [],
            "usb": [],
            "vga": [],
            "vm_id": 15000,
            "watchdog": []
          },
          "sensitive_attributes": [],
          "private": "bnVsbA==",
          "dependencies": [
            "module.proxmox.proxmox_virtual_environment_download_file.ubuntu_cloud_image"
          ]
        }
      ]
    }
  ],
  "check_results": null
}
